
Microsoft Visual Studio Solution File, Format Version 12.00
# Visual Studio Version 17
VisualStudioVersion = 17.7.34018.315
MinimumVisualStudioVersion = 10.0.40219.1
Project("{FAE04EC0-301F-11D3-BF4B-00C04F79EFBC}") = "Cajero", "Cajero\Cajero.csproj", "{3AECAA73-581F-431B-9961-50FBCA5053C5}"
EndProject
Project("{FAE04EC0-301F-11D3-BF4B-00C04F79EFBC}") = "Entity", "Entity\Entity.csproj", "{0AB02411-8541-4C15-8652-9AF768D6D1B1}"
EndProject
Project("{FAE04EC0-301F-11D3-BF4B-00C04F79EFBC}") = "DAL", "DAL\DAL.csproj", "{5901C6DA-43BB-444B-AB57-8CE857E1F97C}"
EndProject
Project("{FAE04EC0-301F-11D3-BF4B-00C04F79EFBC}") = "BLL", "BLL\BLL.csproj", "{39AE4D11-AC7A-4E2B-8095-6286386BBCB6}"
EndProject
Project("{2150E333-8FDC-42A3-9474-1A3956D46DE8}") = "Image", "Image", "{85AE3512-37B0-4A05-9AC1-672F343FBBB3}"
	ProjectSection(SolutionItems) = preProject
		..\..\..\OneDrive\Imágenes\Capturas de pantalla\100k.png = ..\..\..\OneDrive\Imágenes\Capturas de pantalla\100k.png
		..\..\..\OneDrive\Imágenes\Capturas de pantalla\200.png = ..\..\..\OneDrive\Imágenes\Capturas de pantalla\200.png
		..\..\..\OneDrive\Imágenes\Capturas de pantalla\300.png = ..\..\..\OneDrive\Imágenes\Capturas de pantalla\300.png
		..\..\..\OneDrive\Imágenes\Capturas de pantalla\400.png = ..\..\..\OneDrive\Imágenes\Capturas de pantalla\400.png
		..\..\..\OneDrive\Imágenes\Capturas de pantalla\50.png = ..\..\..\OneDrive\Imágenes\Capturas de pantalla\50.png
		..\..\..\OneDrive\Imágenes\Capturas de pantalla\600.png = ..\..\..\OneDrive\Imágenes\Capturas de pantalla\600.png
		..\..\..\OneDrive\Imágenes\Capturas de pantalla\ban2.png = ..\..\..\OneDrive\Imágenes\Capturas de pantalla\ban2.png
		..\..\..\Downloads\banco.ico = ..\..\..\Downloads\banco.ico
		..\..\..\OneDrive\Imágenes\Capturas de pantalla\no.png = ..\..\..\OneDrive\Imágenes\Capturas de pantalla\no.png
		..\..\..\OneDrive\Imágenes\Capturas de pantalla\si.png = ..\..\..\OneDrive\Imágenes\Capturas de pantalla\si.png
	EndProjectSection
EndProject
Global
	GlobalSection(SolutionConfigurationPlatforms) = preSolution
		Debug|Any CPU = Debug|Any CPU
		Release|Any CPU = Release|Any CPU
	EndGlobalSection
	GlobalSection(ProjectConfigurationPlatforms) = postSolution
		{3AECAA73-581F-431B-9961-50FBCA5053C5}.Debug|Any CPU.ActiveCfg = Debug|Any CPU
		{3AECAA73-581F-431B-9961-50FBCA5053C5}.Debug|Any CPU.Build.0 = Debug|Any CPU
		{3AECAA73-581F-431B-9961-50FBCA5053C5}.Release|Any CPU.ActiveCfg = Release|Any CPU
		{3AECAA73-581F-431B-9961-50FBCA5053C5}.Release|Any CPU.Build.0 = Release|Any CPU
		{0AB02411-8541-4C15-8652-9AF768D6D1B1}.Debug|Any CPU.ActiveCfg = Debug|Any CPU
		{0AB02411-8541-4C15-8652-9AF768D6D1B1}.Debug|Any CPU.Build.0 = Debug|Any CPU
		{0AB02411-8541-4C15-8652-9AF768D6D1B1}.Release|Any CPU.ActiveCfg = Release|Any CPU
		{0AB02411-8541-4C15-8652-9AF768D6D1B1}.Release|Any CPU.Build.0 = Release|Any CPU
		{5901C6DA-43BB-444B-AB57-8CE857E1F97C}.Debug|Any CPU.ActiveCfg = Debug|Any CPU
		{5901C6DA-43BB-444B-AB57-8CE857E1F97C}.Debug|Any CPU.Build.0 = Debug|Any CPU
		{5901C6DA-43BB-444B-AB57-8CE857E1F97C}.Release|Any CPU.ActiveCfg = Release|Any CPU
		{5901C6DA-43BB-444B-AB57-8CE857E1F97C}.Release|Any CPU.Build.0 = Release|Any CPU
		{39AE4D11-AC7A-4E2B-8095-6286386BBCB6}.Debug|Any CPU.ActiveCfg = Debug|Any CPU
		{39AE4D11-AC7A-4E2B-8095-6286386BBCB6}.Debug|Any CPU.Build.0 = Debug|Any CPU
		{39AE4D11-AC7A-4E2B-8095-6286386BBCB6}.Release|Any CPU.ActiveCfg = Release|Any CPU
		{39AE4D11-AC7A-4E2B-8095-6286386BBCB6}.Release|Any CPU.Build.0 = Release|Any CPU
	EndGlobalSection
	GlobalSection(SolutionProperties) = preSolution
		HideSolutionNode = FALSE
	EndGlobalSection
	GlobalSection(ExtensibilityGlobals) = postSolution
		SolutionGuid = {3C1D32BC-35E8-4B06-A6E4-08621343AF39}
	EndGlobalSection
EndGlobal
